// !$*UTF8*$!
{
	archiveVersion = 1;
	classes = {
	};
	objectVersion = 46;
	objects = {

/* Begin PBXBuildFile section */
		A58EAC981D4408BC00C0B2B1 /* AppDelegate.swift in Sources */ = {isa = PBXBuildFile; fileRef = A58EAC971D4408BC00C0B2B1 /* AppDelegate.swift */; };
		A58EAC9A1D4408BC00C0B2B1 /* ViewController.swift in Sources */ = {isa = PBXBuildFile; fileRef = A58EAC991D4408BC00C0B2B1 /* ViewController.swift */; };
		A58EAC9D1D4408BC00C0B2B1 /* Main.storyboard in Resources */ = {isa = PBXBuildFile; fileRef = A58EAC9B1D4408BC00C0B2B1 /* Main.storyboard */; };
		A58EAC9F1D4408BC00C0B2B1 /* Assets.xcassets in Resources */ = {isa = PBXBuildFile; fileRef = A58EAC9E1D4408BC00C0B2B1 /* Assets.xcassets */; };
		A58EACA21D4408BC00C0B2B1 /* LaunchScreen.storyboard in Resources */ = {isa = PBXBuildFile; fileRef = A58EACA01D4408BC00C0B2B1 /* LaunchScreen.storyboard */; };
		A58EACAA1D442F5500C0B2B1 /* Stopwatch.swift in Sources */ = {isa = PBXBuildFile; fileRef = A58EACA91D442F5500C0B2B1 /* Stopwatch.swift */; };
/* End PBXBuildFile section */

/* Begin PBXFileReference section */
		A58EAC941D4408BC00C0B2B1 /* CrunchTime.app */ = {isa = PBXFileReference; explicitFileType = wrapper.application; includeInIndex = 0; path = CrunchTime.app; sourceTree = BUILT_PRODUCTS_DIR; };
		A58EAC971D4408BC00C0B2B1 /* AppDelegate.swift */ = {isa = PBXFileReference; lastKnownFileType = sourcecode.swift; path = AppDelegate.swift; sourceTree = "<group>"; };
		A58EAC991D4408BC00C0B2B1 /* ViewController.swift */ = {isa = PBXFileReference; lastKnownFileType = sourcecode.swift; path = ViewController.swift; sourceTree = "<group>"; };
		A58EAC9C1D4408BC00C0B2B1 /* Base */ = {isa = PBXFileReference; lastKnownFileType = file.storyboard; name = Base; path = Base.lproj/Main.storyboard; sourceTree = "<group>"; };
		A58EAC9E1D4408BC00C0B2B1 /* Assets.xcassets */ = {isa = PBXFileReference; lastKnownFileType = folder.assetcatalog; path = Assets.xcassets; sourceTree = "<group>"; };
		A58EACA11D4408BC00C0B2B1 /* Base */ = {isa = PBXFileReference; lastKnownFileType = file.storyboard; name = Base; path = Base.lproj/LaunchScreen.storyboard; sourceTree = "<group>"; };
		A58EACA31D4408BC00C0B2B1 /* Info.plist */ = {isa = PBXFileReference; lastKnownFileType = text.plist.xml; path = Info.plist; sourceTree = "<group>"; };
		A58EACA91D442F5500C0B2B1 /* Stopwatch.swift */ = {isa = PBXFileReference; fileEncoding = 4; lastKnownFileType = sourcecode.swift; path = Stopwatch.swift; sourceTree = "<group>"; };
/* End PBXFileReference section */

/* Begin PBXFrameworksBuildPhase section */
		A58EAC911D4408BC00C0B2B1 /* Frameworks */ = {
			isa = PBXFrameworksBuildPhase;
			buildActionMask = 2147483647;
			files = (
			);
			runOnlyForDeploymentPostprocessing = 0;
		};
/* End PBXFrameworksBuildPhase section */

/* Begin PBXGroup section */
		A58EAC8B1D4408BC00C0B2B1 = {
			isa = PBXGroup;
			children = (
				A58EAC961D4408BC00C0B2B1 /* CrunchTime */,
				A58EAC951D4408BC00C0B2B1 /* Products */,
			);
			sourceTree = "<group>";
		};
		A58EAC951D4408BC00C0B2B1 /* Products */ = {
			isa = PBXGroup;
			children = (
				A58EAC941D4408BC00C0B2B1 /* CrunchTime.app */,
			);
			name = Products;
			sourceTree = "<group>";
		};
		A58EAC961D4408BC00C0B2B1 /* CrunchTime */ = {
			isa = PBXGroup;
			children = (
				A58EAC971D4408BC00C0B2B1 /* AppDelegate.swift */,
				A58EAC991D4408BC00C0B2B1 /* ViewController.swift */,
				A58EACA91D442F5500C0B2B1 /* Stopwatch.swift */,
				A58EAC9B1D4408BC00C0B2B1 /* Main.storyboard */,
				A58EAC9E1D4408BC00C0B2B1 /* Assets.xcassets */,
				A58EACA01D4408BC00C0B2B1 /* LaunchScreen.storyboard */,
				A58EACA31D4408BC00C0B2B1 /* Info.plist */,
			);
			path = CrunchTime;
			sourceTree = "<group>";
		};
/* End PBXGroup section */

/* Begin PBXNativeTarget section */
		A58EAC931D4408BC00C0B2B1 /* CrunchTime */ = {
			isa = PBXNativeTarget;
			buildConfigurationList = A58EACA61D4408BC00C0B2B1 /* Build configuration list for PBXNativeTarget "CrunchTime" */;
			buildPhases = (
				A58EAC901D4408BC00C0B2B1 /* Sources */,
				A58EAC911D4408BC00C0B2B1 /* Frameworks */,
				A58EAC921D4408BC00C0B2B1 /* Resources */,
			);
			buildRules = (
			);
			dependencies = (
			);
			name = CrunchTime;
			productName = CrunchTime;
			productReference = A58EAC941D4408BC00C0B2B1 /* CrunchTime.app */;
			productType = "com.apple.product-type.application";
		};
/* End PBXNativeTarget section */

/* Begin PBXProject section */
		A58EAC8C1D4408BC00C0B2B1 /* Project object */ = {
			isa = PBXProject;
			attributes = {
				LastSwiftUpdateCheck = 0800;
				LastUpgradeCheck = 0800;
				ORGANIZATIONNAME = "Bliss Chapman";
				TargetAttributes = {
					A58EAC931D4408BC00C0B2B1 = {
						CreatedOnToolsVersion = 8.0;
						DevelopmentTeam = L8K73YJEJ9;
						DevelopmentTeamName = "Bliss Chapman (Personal Team)";
						ProvisioningStyle = Automatic;
					};
				};
			};
			buildConfigurationList = A58EAC8F1D4408BC00C0B2B1 /* Build configuration list for PBXProject "CrunchTime" */;
			compatibilityVersion = "Xcode 3.2";
			developmentRegion = English;
			hasScannedForEncodings = 0;
			knownRegions = (
				en,
				Base,
			);
			mainGroup = A58EAC8B1D4408BC00C0B2B1;
			productRefGroup = A58EAC951D4408BC00C0B2B1 /* Products */;
			projectDirPath = "";
			projectRoot = "";
			targets = (
				A58EAC931D4408BC00C0B2B1 /* CrunchTime */,
			);
		};
/* End PBXProject section */

/* Begin PBXResourcesBuildPhase section */
		A58EAC921D4408BC00C0B2B1 /* Resources */ = {
			isa = PBXResourcesBuildPhase;
			buildActionMask = 2147483647;
			files = (
				A58EACA21D4408BC00C0B2B1 /* LaunchScreen.storyboard in Resources */,
				A58EAC9F1D4408BC00C0B2B1 /* Assets.xcassets in Resources */,
				A58EAC9D1D4408BC00C0B2B1 /* Main.storyboard in Resources */,
			);
			runOnlyForDeploymentPostprocessing = 0;
		};
/* End PBXResourcesBuildPhase section */

/* Begin PBXSourcesBuildPhase section */
		A58EAC901D4408BC00C0B2B1 /* Sources */ = {
			isa = PBXSourcesBuildPhase;
			buildActionMask = 2147483647;
			files = (
				A58EAC9A1D4408BC00C0B2B1 /* ViewController.swift in Sources */,
				A58EACAA1D442F5500C0B2B1 /* Stopwatch.swift in Sources */,
				A58EAC981D4408BC00C0B2B1 /* AppDelegate.swift in Sources */,
			);
			runOnlyForDeploymentPostprocessing = 0;
		};
/* End PBXSourcesBuildPhase section */

/* Begin PBXVariantGroup section */
		A58EAC9B1D4408BC00C0B2B1 /* Main.storyboard */ = {
			isa = PBXVariantGroup;
			children = (
				A58EAC9C1D4408BC00C0B2B1 /* Base */,
			);
			name = Main.storyboard;
			sourceTree = "<group>";
		};
		A58EACA01D4408BC00C0B2B1 /* LaunchScreen.storyboard */ = {
			isa = PBXVariantGroup;
			children = (
				A58EACA11D4408BC00C0B2B1 /* Base */,
			);
			name = LaunchScreen.storyboard;
			sourceTree = "<group>";
		};
/* End PBXVariantGroup section */

/* Begin XCBuildConfiguration section */
		A58EACA41D4408BC00C0B2B1 /* Debug */ = {
			isa = XCBuildConfiguration;
			buildSettings = {
				ALWAYS_SEARCH_USER_PATHS = NO;
				CLANG_ANALYZER_NONNULL = YES;
				CLANG_CXX_LANGUAGE_STANDARD = "gnu++0x";
				CLANG_CXX_LIBRARY = "libc++";
				CLANG_ENABLE_MODULES = YES;
				CLANG_ENABLE_OBJC_ARC = YES;
				CLANG_WARN_BOOL_CONVERSION = YES;
				CLANG_WARN_CONSTANT_CONVERSION = YES;
				CLANG_WARN_DIRECT_OBJC_ISA_USAGE = YES_ERROR;
				CLANG_WARN_DOCUMENTATION_COMMENTS = YES;
				CLANG_WARN_EMPTY_BODY = YES;
				CLANG_WARN_ENUM_CONVERSION = YES;
				CLANG_WARN_INT_CONVERSION = YES;
				CLANG_WARN_OBJC_ROOT_CLASS = YES_ERROR;
				CLANG_WARN_UNREACHABLE_CODE = YES;
				CLANG_WARN__DUPLICATE_METHOD_MATCH = YES;
				"CODE_SIGN_IDENTITY[sdk=iphoneos*]" = "iPhone Developer";
				COPY_PHASE_STRIP = NO;
				DEBUG_INFORMATION_FORMAT = dwarf;
				ENABLE_STRICT_OBJC_MSGSEND = YES;
				ENABLE_TESTABILITY = YES;
				GCC_C_LANGUAGE_STANDARD = gnu99;
				GCC_DYNAMIC_NO_PIC = NO;
				GCC_NO_COMMON_BLOCKS = YES;
				GCC_OPTIMIZATION_LEVEL = 0;
				GCC_PREPROCESSOR_DEFINITIONS = (
					"DEBUG=1",
					"$(inherited)",
				);
				GCC_WARN_64_TO_32_BIT_CONVERSION = YES;
				GCC_WARN_ABOUT_RETURN_TYPE = YES_ERROR;
				GCC_WARN_UNDECLARED_SELECTOR = YES;
				GCC_WARN_UNINITIALIZED_AUTOS = YES_AGGRESSIVE;
				GCC_WARN_UNUSED_FUNCTION = YES;
				GCC_WARN_UNUSED_VARIABLE = YES;
				IPHONEOS_DEPLOYMENT_TARGET = 10.0;
				MTL_ENABLE_DEBUG_INFO = YES;
				ONLY_ACTIVE_ARCH = YES;
				SDKROOT = iphoneos;
				SWIFT_ACTIVE_COMPILATION_CONDITIONS = DEBUG;
				SWIFT_OPTIMIZATION_LEVEL = "-Onone";
				TARGETED_DEVICE_FAMILY = "1,2";
			};
			name = Debug;
		};
		A58EACA51D4408BC00C0B2B1 /* Release */ = {
			isa = XCBuildConfiguration;
			buildSettings = {
				ALWAYS_SEARCH_USER_PATHS = NO;
				CLANG_ANALYZER_NONNULL = YES;
				CLANG_CXX_LANGUAGE_STANDARD = "gnu++0x";
				CLANG_CXX_LIBRARY = "libc++";
				CLANG_ENABLE_MODULES = YES;
				CLANG_ENABLE_OBJC_ARC = YES;
				CLANG_WARN_BOOL_CONVERSION = YES;
				CLANG_WARN_CONSTANT_CONVERSION = YES;
				CLANG_WARN_DIRECT_OBJC_ISA_USAGE = YES_ERROR;
				CLANG_WARN_DOCUMENTATION_COMMENTS = YES;
				CLANG_WARN_EMPTY_BODY = YES;
				CLANG_WARN_ENUM_CONVERSION = YES;
				CLANG_WARN_INT_CONVERSION = YES;
				CLANG_WARN_OBJC_ROOT_CLASS = YES_ERROR;
				CLANG_WARN_UNREACHABLE_CODE = YES;
				CLANG_WARN__DUPLICATE_METHOD_MATCH = YES;
				"CODE_SIGN_IDENTITY[sdk=iphoneos*]" = "iPhone Developer";
				COPY_PHASE_STRIP = NO;
				DEBUG_INFORMATION_FORMAT = "dwarf-with-dsym";
				ENABLE_NS_ASSERTIONS = NO;
				ENABLE_STRICT_OBJC_MSGSEND = YES;
				GCC_C_LANGUAGE_STANDARD = gnu99;
				GCC_NO_COMMON_BLOCKS = YES;
				GCC_WARN_64_TO_32_BIT_CONVERSION = YES;
				GCC_WARN_ABOUT_RETURN_TYPE = YES_ERROR;
				GCC_WARN_UNDECLARED_SELECTOR = YES;
				GCC_WARN_UNINITIALIZED_AUTOS = YES_AGGRESSIVE;
				GCC_WARN_UNUSED_FUNCTION = YES;
				GCC_WARN_UNUSED_VARIABLE = YES;
				IPHONEOS_DEPLOYMENT_TARGET = 10.0;
				MTL_ENABLE_DEBUG_INFO = NO;
				SDKROOT = iphoneos;
				SWIFT_OPTIMIZATION_LEVEL = "-Owholemodule";
				TARGETED_DEVICE_FAMILY = "1,2";
				VALIDATE_PRODUCT = YES;
			};
			name = Release;
		};
		A58EACA71D4408BC00C0B2B1 /* Debug */ = {
			isa = XCBuildConfiguration;
			buildSettings = {
				ASSETCATALOG_COMPILER_APPICON_NAME = AppIcon;
				INFOPLIST_FILE = CrunchTime/Info.plist;
				LD_RUNPATH_SEARCH_PATHS = "$(inherited) @executable_path/Frameworks";
				PRODUCT_BUNDLE_IDENTIFIER = com.blissChapman.CrunchTime;
				PRODUCT_NAME = "$(TARGET_NAME)";
				SWIFT_VERSION = 3.0;
			};
			name = Debug;
		};
		A58EACA81D4408BC00C0B2B1 /* Release */ = {
			isa = XCBuildConfiguration;
			buildSettings = {
				ASSETCATALOG_COMPILER_APPICON_NAME = AppIcon;
				INFOPLIST_FILE = CrunchTime/Info.plist;
				LD_RUNPATH_SEARCH_PATHS = "$(inherited) @executable_path/Frameworks";
				PRODUCT_BUNDLE_IDENTIFIER = com.blissChapman.CrunchTime;
				PRODUCT_NAME = "$(TARGET_NAME)";
				SWIFT_VERSION = 3.0;
			};
			name = Release;
		};
/* End XCBuildConfiguration section */

/* Begin XCConfigurationList section */
		A58EAC8F1D4408BC00C0B2B1 /* Build configuration list for PBXProject "CrunchTime" */ = {
			isa = XCConfigurationList;
			buildConfigurations = (
				A58EACA41D4408BC00C0B2B1 /* Debug */,
				A58EACA51D4408BC00C0B2B1 /* Release */,
			);
			defaultConfigurationIsVisible = 0;
			defaultConfigurationName = Release;
		};
		A58EACA61D4408BC00C0B2B1 /* Build configuration list for PBXNativeTarget "CrunchTime" */ = {
			isa = XCConfigurationList;
			buildConfigurations = (
				A58EACA71D4408BC00C0B2B1 /* Debug */,
				A58EACA81D4408BC00C0B2B1 /* Release */,
			);
			defaultConfigurationIsVisible = 0;
			defaultConfigurationName = Release;
		};
/* End XCConfigurationList section */
	};
	rootObject = A58EAC8C1D4408BC00C0B2B1 /* Project object */;
}
